
Microsoft Visual Studio Solution File, Format Version 12.00
# Visual Studio Version 16
VisualStudioVersion = 16.0.29230.47
MinimumVisualStudioVersion = 10.0.40219.1
Project("{FAE04EC0-301F-11D3-BF4B-00C04F79EFBC}") = "iteration_statements", "iteration_statements\iteration_statements.csproj", "{71D71D9C-DC0D-4A7F-9B2A-469430084A68}"
EndProject
Global
	GlobalSection(SolutionConfigurationPlatforms) = preSolution
		Debug|Any CPU = Debug|Any CPU
		Release|Any CPU = Release|Any CPU
	EndGlobalSection
	GlobalSection(ProjectConfigurationPlatforms) = postSolution
		{71D71D9C-DC0D-4A7F-9B2A-469430084A68}.Debug|Any CPU.ActiveCfg = Debug|Any CPU
		{71D71D9C-DC0D-4A7F-9B2A-469430084A68}.Debug|Any CPU.Build.0 = Debug|Any CPU
		{71D71D9C-DC0D-4A7F-9B2A-469430084A68}.Release|Any CPU.ActiveCfg = Release|Any CPU
		{71D71D9C-DC0D-4A7F-9B2A-469430084A68}.Release|Any CPU.Build.0 = Release|Any CPU
	EndGlobalSection
	GlobalSection(SolutionProperties) = preSolution
		HideSolutionNode = FALSE
	EndGlobalSection
	GlobalSection(ExtensibilityGlobals) = postSolution
		SolutionGuid = {2C306D63-91C4-4FCD-A6DC-1B89FCF360BA}
	EndGlobalSection
EndGlobal
